// !$*UTF8*$!
{
	archiveVersion = 1;
	classes = {
	};
	objectVersion = 50;
	objects = {

/* Begin PBXBuildFile section */
		6429145A24FC8CB900F1FCAF /* HomeDoctorsView.swift in Sources */ = {isa = PBXBuildFile; fileRef = 6429145924FC8CB900F1FCAF /* HomeDoctorsView.swift */; };
		6429145C24FC8CF000F1FCAF /* HomeFieldsView.swift in Sources */ = {isa = PBXBuildFile; fileRef = 6429145B24FC8CF000F1FCAF /* HomeFieldsView.swift */; };
		6429145E24FC941000F1FCAF /* DetailsView.swift in Sources */ = {isa = PBXBuildFile; fileRef = 6429145D24FC941000F1FCAF /* DetailsView.swift */; };
		6429146024FC9C7900F1FCAF /* MenuView.swift in Sources */ = {isa = PBXBuildFile; fileRef = 6429145F24FC9C7900F1FCAF /* MenuView.swift */; };
		6429146224FCA73300F1FCAF /* README.md in Resources */ = {isa = PBXBuildFile; fileRef = 6429146124FCA73300F1FCAF /* README.md */; };
		64FF3B4824FC73D200261CE7 /* AppDelegate.swift in Sources */ = {isa = PBXBuildFile; fileRef = 64FF3B4724FC73D200261CE7 /* AppDelegate.swift */; };
		64FF3B4A24FC73D200261CE7 /* SceneDelegate.swift in Sources */ = {isa = PBXBuildFile; fileRef = 64FF3B4924FC73D200261CE7 /* SceneDelegate.swift */; };
		64FF3B4C24FC73D200261CE7 /* ContentView.swift in Sources */ = {isa = PBXBuildFile; fileRef = 64FF3B4B24FC73D200261CE7 /* ContentView.swift */; };
		64FF3B4E24FC73D500261CE7 /* Assets.xcassets in Resources */ = {isa = PBXBuildFile; fileRef = 64FF3B4D24FC73D500261CE7 /* Assets.xcassets */; };
		64FF3B5124FC73D500261CE7 /* Preview Assets.xcassets in Resources */ = {isa = PBXBuildFile; fileRef = 64FF3B5024FC73D500261CE7 /* Preview Assets.xcassets */; };
		64FF3B5424FC73D500261CE7 /* LaunchScreen.storyboard in Resources */ = {isa = PBXBuildFile; fileRef = 64FF3B5224FC73D500261CE7 /* LaunchScreen.storyboard */; };
		64FF3B5D24FC817E00261CE7 /* HomeCardView.swift in Sources */ = {isa = PBXBuildFile; fileRef = 64FF3B5C24FC817E00261CE7 /* HomeCardView.swift */; };
		64FF3B6024FC81AE00261CE7 /* HomeFieldItem.swift in Sources */ = {isa = PBXBuildFile; fileRef = 64FF3B5F24FC81AE00261CE7 /* HomeFieldItem.swift */; };
		64FF3B6224FC831200261CE7 /* HomeSearchView.swift in Sources */ = {isa = PBXBuildFile; fileRef = 64FF3B6124FC831200261CE7 /* HomeSearchView.swift */; };
		64FF3B6424FC832B00261CE7 /* HomeWelcomeView.swift in Sources */ = {isa = PBXBuildFile; fileRef = 64FF3B6324FC832B00261CE7 /* HomeWelcomeView.swift */; };
		64FF3B6624FC881E00261CE7 /* HomeDoctorItem.swift in Sources */ = {isa = PBXBuildFile; fileRef = 64FF3B6524FC881E00261CE7 /* HomeDoctorItem.swift */; };
		64FF3B6824FC890400261CE7 /* HomeDoctorCardView.swift in Sources */ = {isa = PBXBuildFile; fileRef = 64FF3B6724FC890400261CE7 /* HomeDoctorCardView.swift */; };
/* End PBXBuildFile section */

/* Begin PBXFileReference section */
		6429145924FC8CB900F1FCAF /* HomeDoctorsView.swift */ = {isa = PBXFileReference; lastKnownFileType = sourcecode.swift; name = HomeDoctorsView.swift; path = TelemedicineConceptApp/HomeDoctorsView.swift; sourceTree = SOURCE_ROOT; };
		6429145B24FC8CF000F1FCAF /* HomeFieldsView.swift */ = {isa = PBXFileReference; lastKnownFileType = sourcecode.swift; name = HomeFieldsView.swift; path = TelemedicineConceptApp/HomeFieldsView.swift; sourceTree = SOURCE_ROOT; };
		6429145D24FC941000F1FCAF /* DetailsView.swift */ = {isa = PBXFileReference; lastKnownFileType = sourcecode.swift; path = DetailsView.swift; sourceTree = "<group>"; };
		6429145F24FC9C7900F1FCAF /* MenuView.swift */ = {isa = PBXFileReference; lastKnownFileType = sourcecode.swift; name = MenuView.swift; path = TelemedicineConceptApp/MenuView.swift; sourceTree = SOURCE_ROOT; };
		6429146124FCA73300F1FCAF /* README.md */ = {isa = PBXFileReference; lastKnownFileType = net.daringfireball.markdown; path = README.md; sourceTree = "<group>"; };
		64FF3B4424FC73D200261CE7 /* TelemedicineConceptApp.app */ = {isa = PBXFileReference; explicitFileType = wrapper.application; includeInIndex = 0; path = TelemedicineConceptApp.app; sourceTree = BUILT_PRODUCTS_DIR; };
		64FF3B4724FC73D200261CE7 /* AppDelegate.swift */ = {isa = PBXFileReference; lastKnownFileType = sourcecode.swift; path = AppDelegate.swift; sourceTree = "<group>"; };
		64FF3B4924FC73D200261CE7 /* SceneDelegate.swift */ = {isa = PBXFileReference; lastKnownFileType = sourcecode.swift; path = SceneDelegate.swift; sourceTree = "<group>"; };
		64FF3B4B24FC73D200261CE7 /* ContentView.swift */ = {isa = PBXFileReference; lastKnownFileType = sourcecode.swift; path = ContentView.swift; sourceTree = "<group>"; };
		64FF3B4D24FC73D500261CE7 /* Assets.xcassets */ = {isa = PBXFileReference; lastKnownFileType = folder.assetcatalog; path = Assets.xcassets; sourceTree = "<group>"; };
		64FF3B5024FC73D500261CE7 /* Preview Assets.xcassets */ = {isa = PBXFileReference; lastKnownFileType = folder.assetcatalog; path = "Preview Assets.xcassets"; sourceTree = "<group>"; };
		64FF3B5324FC73D500261CE7 /* Base */ = {isa = PBXFileReference; lastKnownFileType = file.storyboard; name = Base; path = Base.lproj/LaunchScreen.storyboard; sourceTree = "<group>"; };
		64FF3B5524FC73D500261CE7 /* Info.plist */ = {isa = PBXFileReference; lastKnownFileType = text.plist.xml; path = Info.plist; sourceTree = "<group>"; };
		64FF3B5C24FC817E00261CE7 /* HomeCardView.swift */ = {isa = PBXFileReference; lastKnownFileType = sourcecode.swift; path = HomeCardView.swift; sourceTree = "<group>"; };
		64FF3B5F24FC81AE00261CE7 /* HomeFieldItem.swift */ = {isa = PBXFileReference; lastKnownFileType = sourcecode.swift; path = HomeFieldItem.swift; sourceTree = "<group>"; };
		64FF3B6124FC831200261CE7 /* HomeSearchView.swift */ = {isa = PBXFileReference; lastKnownFileType = sourcecode.swift; name = HomeSearchView.swift; path = TelemedicineConceptApp/HomeSearchView.swift; sourceTree = SOURCE_ROOT; };
		64FF3B6324FC832B00261CE7 /* HomeWelcomeView.swift */ = {isa = PBXFileReference; lastKnownFileType = sourcecode.swift; name = HomeWelcomeView.swift; path = TelemedicineConceptApp/HomeWelcomeView.swift; sourceTree = SOURCE_ROOT; };
		64FF3B6524FC881E00261CE7 /* HomeDoctorItem.swift */ = {isa = PBXFileReference; lastKnownFileType = sourcecode.swift; path = HomeDoctorItem.swift; sourceTree = "<group>"; };
		64FF3B6724FC890400261CE7 /* HomeDoctorCardView.swift */ = {isa = PBXFileReference; lastKnownFileType = sourcecode.swift; path = HomeDoctorCardView.swift; sourceTree = "<group>"; };
/* End PBXFileReference section */

/* Begin PBXFrameworksBuildPhase section */
		64FF3B4124FC73D200261CE7 /* Frameworks */ = {
			isa = PBXFrameworksBuildPhase;
			buildActionMask = 2147483647;
			files = (
			);
			runOnlyForDeploymentPostprocessing = 0;
		};
/* End PBXFrameworksBuildPhase section */

/* Begin PBXGroup section */
		64FF3B3B24FC73D200261CE7 = {
			isa = PBXGroup;
			children = (
				6429146124FCA73300F1FCAF /* README.md */,
				64FF3B4624FC73D200261CE7 /* TelemedicineConceptApp */,
				64FF3B4524FC73D200261CE7 /* Products */,
			);
			sourceTree = "<group>";
		};
		64FF3B4524FC73D200261CE7 /* Products */ = {
			isa = PBXGroup;
			children = (
				64FF3B4424FC73D200261CE7 /* TelemedicineConceptApp.app */,
			);
			name = Products;
			sourceTree = "<group>";
		};
		64FF3B4624FC73D200261CE7 /* TelemedicineConceptApp */ = {
			isa = PBXGroup;
			children = (
				64FF3B5E24FC819300261CE7 /* Models */,
				64FF3B5B24FC817200261CE7 /* Views */,
				64FF3B4724FC73D200261CE7 /* AppDelegate.swift */,
				64FF3B4924FC73D200261CE7 /* SceneDelegate.swift */,
				64FF3B4B24FC73D200261CE7 /* ContentView.swift */,
				64FF3B4D24FC73D500261CE7 /* Assets.xcassets */,
				64FF3B5224FC73D500261CE7 /* LaunchScreen.storyboard */,
				64FF3B5524FC73D500261CE7 /* Info.plist */,
				64FF3B4F24FC73D500261CE7 /* Preview Content */,
			);
			path = TelemedicineConceptApp;
			sourceTree = "<group>";
		};
		64FF3B4F24FC73D500261CE7 /* Preview Content */ = {
			isa = PBXGroup;
			children = (
				64FF3B5024FC73D500261CE7 /* Preview Assets.xcassets */,
			);
			path = "Preview Content";
			sourceTree = "<group>";
		};
		64FF3B5B24FC817200261CE7 /* Views */ = {
			isa = PBXGroup;
			children = (
				6429145F24FC9C7900F1FCAF /* MenuView.swift */,
				6429145B24FC8CF000F1FCAF /* HomeFieldsView.swift */,
				6429145924FC8CB900F1FCAF /* HomeDoctorsView.swift */,
				64FF3B6324FC832B00261CE7 /* HomeWelcomeView.swift */,
				64FF3B6124FC831200261CE7 /* HomeSearchView.swift */,
				64FF3B5C24FC817E00261CE7 /* HomeCardView.swift */,
				64FF3B6724FC890400261CE7 /* HomeDoctorCardView.swift */,
				6429145D24FC941000F1FCAF /* DetailsView.swift */,
			);
			path = Views;
			sourceTree = "<group>";
		};
		64FF3B5E24FC819300261CE7 /* Models */ = {
			isa = PBXGroup;
			children = (
				64FF3B5F24FC81AE00261CE7 /* HomeFieldItem.swift */,
				64FF3B6524FC881E00261CE7 /* HomeDoctorItem.swift */,
			);
			path = Models;
			sourceTree = "<group>";
		};
/* End PBXGroup section */

/* Begin PBXNativeTarget section */
		64FF3B4324FC73D200261CE7 /* TelemedicineConceptApp */ = {
			isa = PBXNativeTarget;
			buildConfigurationList = 64FF3B5824FC73D500261CE7 /* Build configuration list for PBXNativeTarget "TelemedicineConceptApp" */;
			buildPhases = (
				64FF3B4024FC73D200261CE7 /* Sources */,
				64FF3B4124FC73D200261CE7 /* Frameworks */,
				64FF3B4224FC73D200261CE7 /* Resources */,
			);
			buildRules = (
			);
			dependencies = (
			);
			name = TelemedicineConceptApp;
			productName = TelemedicineConceptApp;
			productReference = 64FF3B4424FC73D200261CE7 /* TelemedicineConceptApp.app */;
			productType = "com.apple.product-type.application";
		};
/* End PBXNativeTarget section */

/* Begin PBXProject section */
		64FF3B3C24FC73D200261CE7 /* Project object */ = {
			isa = PBXProject;
			attributes = {
				LastSwiftUpdateCheck = 1160;
				LastUpgradeCheck = 1160;
				ORGANIZATIONNAME = "Raphael Cerqueira";
				TargetAttributes = {
					64FF3B4324FC73D200261CE7 = {
						CreatedOnToolsVersion = 11.6;
					};
				};
			};
			buildConfigurationList = 64FF3B3F24FC73D200261CE7 /* Build configuration list for PBXProject "TelemedicineConceptApp" */;
			compatibilityVersion = "Xcode 9.3";
			developmentRegion = en;
			hasScannedForEncodings = 0;
			knownRegions = (
				en,
				Base,
			);
			mainGroup = 64FF3B3B24FC73D200261CE7;
			productRefGroup = 64FF3B4524FC73D200261CE7 /* Products */;
			projectDirPath = "";
			projectRoot = "";
			targets = (
				64FF3B4324FC73D200261CE7 /* TelemedicineConceptApp */,
			);
		};
/* End PBXProject section */

/* Begin PBXResourcesBuildPhase section */
		64FF3B4224FC73D200261CE7 /* Resources */ = {
			isa = PBXResourcesBuildPhase;
			buildActionMask = 2147483647;
			files = (
				64FF3B5424FC73D500261CE7 /* LaunchScreen.storyboard in Resources */,
				64FF3B5124FC73D500261CE7 /* Preview Assets.xcassets in Resources */,
				6429146224FCA73300F1FCAF /* README.md in Resources */,
				64FF3B4E24FC73D500261CE7 /* Assets.xcassets in Resources */,
			);
			runOnlyForDeploymentPostprocessing = 0;
		};
/* End PBXResourcesBuildPhase section */

/* Begin PBXSourcesBuildPhase section */
		64FF3B4024FC73D200261CE7 /* Sources */ = {
			isa = PBXSourcesBuildPhase;
			buildActionMask = 2147483647;
			files = (
				6429145A24FC8CB900F1FCAF /* HomeDoctorsView.swift in Sources */,
				64FF3B6824FC890400261CE7 /* HomeDoctorCardView.swift in Sources */,
				64FF3B4824FC73D200261CE7 /* AppDelegate.swift in Sources */,
				64FF3B6024FC81AE00261CE7 /* HomeFieldItem.swift in Sources */,
				64FF3B6624FC881E00261CE7 /* HomeDoctorItem.swift in Sources */,
				6429145E24FC941000F1FCAF /* DetailsView.swift in Sources */,
				64FF3B4A24FC73D200261CE7 /* SceneDelegate.swift in Sources */,
				6429146024FC9C7900F1FCAF /* MenuView.swift in Sources */,
				64FF3B6424FC832B00261CE7 /* HomeWelcomeView.swift in Sources */,
				64FF3B4C24FC73D200261CE7 /* ContentView.swift in Sources */,
				64FF3B5D24FC817E00261CE7 /* HomeCardView.swift in Sources */,
				6429145C24FC8CF000F1FCAF /* HomeFieldsView.swift in Sources */,
				64FF3B6224FC831200261CE7 /* HomeSearchView.swift in Sources */,
			);
			runOnlyForDeploymentPostprocessing = 0;
		};
/* End PBXSourcesBuildPhase section */

/* Begin PBXVariantGroup section */
		64FF3B5224FC73D500261CE7 /* LaunchScreen.storyboard */ = {
			isa = PBXVariantGroup;
			children = (
				64FF3B5324FC73D500261CE7 /* Base */,
			);
			name = LaunchScreen.storyboard;
			sourceTree = "<group>";
		};
/* End PBXVariantGroup section */

/* Begin XCBuildConfiguration section */
		64FF3B5624FC73D500261CE7 /* Debug */ = {
			isa = XCBuildConfiguration;
			buildSettings = {
				ALWAYS_SEARCH_USER_PATHS = NO;
				CLANG_ANALYZER_NONNULL = YES;
				CLANG_ANALYZER_NUMBER_OBJECT_CONVERSION = YES_AGGRESSIVE;
				CLANG_CXX_LANGUAGE_STANDARD = "gnu++14";
				CLANG_CXX_LIBRARY = "libc++";
				CLANG_ENABLE_MODULES = YES;
				CLANG_ENABLE_OBJC_ARC = YES;
				CLANG_ENABLE_OBJC_WEAK = YES;
				CLANG_WARN_BLOCK_CAPTURE_AUTORELEASING = YES;
				CLANG_WARN_BOOL_CONVERSION = YES;
				CLANG_WARN_COMMA = YES;
				CLANG_WARN_CONSTANT_CONVERSION = YES;
				CLANG_WARN_DEPRECATED_OBJC_IMPLEMENTATIONS = YES;
				CLANG_WARN_DIRECT_OBJC_ISA_USAGE = YES_ERROR;
				CLANG_WARN_DOCUMENTATION_COMMENTS = YES;
				CLANG_WARN_EMPTY_BODY = YES;
				CLANG_WARN_ENUM_CONVERSION = YES;
				CLANG_WARN_INFINITE_RECURSION = YES;
				CLANG_WARN_INT_CONVERSION = YES;
				CLANG_WARN_NON_LITERAL_NULL_CONVERSION = YES;
				CLANG_WARN_OBJC_IMPLICIT_RETAIN_SELF = YES;
				CLANG_WARN_OBJC_LITERAL_CONVERSION = YES;
				CLANG_WARN_OBJC_ROOT_CLASS = YES_ERROR;
				CLANG_WARN_RANGE_LOOP_ANALYSIS = YES;
				CLANG_WARN_STRICT_PROTOTYPES = YES;
				CLANG_WARN_SUSPICIOUS_MOVE = YES;
				CLANG_WARN_UNGUARDED_AVAILABILITY = YES_AGGRESSIVE;
				CLANG_WARN_UNREACHABLE_CODE = YES;
				CLANG_WARN__DUPLICATE_METHOD_MATCH = YES;
				COPY_PHASE_STRIP = NO;
				DEBUG_INFORMATION_FORMAT = dwarf;
				ENABLE_STRICT_OBJC_MSGSEND = YES;
				ENABLE_TESTABILITY = YES;
				GCC_C_LANGUAGE_STANDARD = gnu11;
				GCC_DYNAMIC_NO_PIC = NO;
				GCC_NO_COMMON_BLOCKS = YES;
				GCC_OPTIMIZATION_LEVEL = 0;
				GCC_PREPROCESSOR_DEFINITIONS = (
					"DEBUG=1",
					"$(inherited)",
				);
				GCC_WARN_64_TO_32_BIT_CONVERSION = YES;
				GCC_WARN_ABOUT_RETURN_TYPE = YES_ERROR;
				GCC_WARN_UNDECLARED_SELECTOR = YES;
				GCC_WARN_UNINITIALIZED_AUTOS = YES_AGGRESSIVE;
				GCC_WARN_UNUSED_FUNCTION = YES;
				GCC_WARN_UNUSED_VARIABLE = YES;
				IPHONEOS_DEPLOYMENT_TARGET = 13.6;
				MTL_ENABLE_DEBUG_INFO = INCLUDE_SOURCE;
				MTL_FAST_MATH = YES;
				ONLY_ACTIVE_ARCH = YES;
				SDKROOT = iphoneos;
				SWIFT_ACTIVE_COMPILATION_CONDITIONS = DEBUG;
				SWIFT_OPTIMIZATION_LEVEL = "-Onone";
			};
			name = Debug;
		};
		64FF3B5724FC73D500261CE7 /* Release */ = {
			isa = XCBuildConfiguration;
			buildSettings = {
				ALWAYS_SEARCH_USER_PATHS = NO;
				CLANG_ANALYZER_NONNULL = YES;
				CLANG_ANALYZER_NUMBER_OBJECT_CONVERSION = YES_AGGRESSIVE;
				CLANG_CXX_LANGUAGE_STANDARD = "gnu++14";
				CLANG_CXX_LIBRARY = "libc++";
				CLANG_ENABLE_MODULES = YES;
				CLANG_ENABLE_OBJC_ARC = YES;
				CLANG_ENABLE_OBJC_WEAK = YES;
				CLANG_WARN_BLOCK_CAPTURE_AUTORELEASING = YES;
				CLANG_WARN_BOOL_CONVERSION = YES;
				CLANG_WARN_COMMA = YES;
				CLANG_WARN_CONSTANT_CONVERSION = YES;
				CLANG_WARN_DEPRECATED_OBJC_IMPLEMENTATIONS = YES;
				CLANG_WARN_DIRECT_OBJC_ISA_USAGE = YES_ERROR;
				CLANG_WARN_DOCUMENTATION_COMMENTS = YES;
				CLANG_WARN_EMPTY_BODY = YES;
				CLANG_WARN_ENUM_CONVERSION = YES;
				CLANG_WARN_INFINITE_RECURSION = YES;
				CLANG_WARN_INT_CONVERSION = YES;
				CLANG_WARN_NON_LITERAL_NULL_CONVERSION = YES;
				CLANG_WARN_OBJC_IMPLICIT_RETAIN_SELF = YES;
				CLANG_WARN_OBJC_LITERAL_CONVERSION = YES;
				CLANG_WARN_OBJC_ROOT_CLASS = YES_ERROR;
				CLANG_WARN_RANGE_LOOP_ANALYSIS = YES;
				CLANG_WARN_STRICT_PROTOTYPES = YES;
				CLANG_WARN_SUSPICIOUS_MOVE = YES;
				CLANG_WARN_UNGUARDED_AVAILABILITY = YES_AGGRESSIVE;
				CLANG_WARN_UNREACHABLE_CODE = YES;
				CLANG_WARN__DUPLICATE_METHOD_MATCH = YES;
				COPY_PHASE_STRIP = NO;
				DEBUG_INFORMATION_FORMAT = "dwarf-with-dsym";
				ENABLE_NS_ASSERTIONS = NO;
				ENABLE_STRICT_OBJC_MSGSEND = YES;
				GCC_C_LANGUAGE_STANDARD = gnu11;
				GCC_NO_COMMON_BLOCKS = YES;
				GCC_WARN_64_TO_32_BIT_CONVERSION = YES;
				GCC_WARN_ABOUT_RETURN_TYPE = YES_ERROR;
				GCC_WARN_UNDECLARED_SELECTOR = YES;
				GCC_WARN_UNINITIALIZED_AUTOS = YES_AGGRESSIVE;
				GCC_WARN_UNUSED_FUNCTION = YES;
				GCC_WARN_UNUSED_VARIABLE = YES;
				IPHONEOS_DEPLOYMENT_TARGET = 13.6;
				MTL_ENABLE_DEBUG_INFO = NO;
				MTL_FAST_MATH = YES;
				SDKROOT = iphoneos;
				SWIFT_COMPILATION_MODE = wholemodule;
				SWIFT_OPTIMIZATION_LEVEL = "-O";
				VALIDATE_PRODUCT = YES;
			};
			name = Release;
		};
		64FF3B5924FC73D500261CE7 /* Debug */ = {
			isa = XCBuildConfiguration;
			buildSettings = {
				ASSETCATALOG_COMPILER_APPICON_NAME = AppIcon;
				CODE_SIGN_STYLE = Automatic;
				DEVELOPMENT_ASSET_PATHS = "\"TelemedicineConceptApp/Preview Content\"";
				ENABLE_PREVIEWS = YES;
				INFOPLIST_FILE = TelemedicineConceptApp/Info.plist;
				LD_RUNPATH_SEARCH_PATHS = (
					"$(inherited)",
					"@executable_path/Frameworks",
				);
				PRODUCT_BUNDLE_IDENTIFIER = io.github.rphlfc.TelemedicineConceptApp;
				PRODUCT_NAME = "$(TARGET_NAME)";
				SWIFT_VERSION = 5.0;
				TARGETED_DEVICE_FAMILY = "1,2";
			};
			name = Debug;
		};
		64FF3B5A24FC73D500261CE7 /* Release */ = {
			isa = XCBuildConfiguration;
			buildSettings = {
				ASSETCATALOG_COMPILER_APPICON_NAME = AppIcon;
				CODE_SIGN_STYLE = Automatic;
				DEVELOPMENT_ASSET_PATHS = "\"TelemedicineConceptApp/Preview Content\"";
				ENABLE_PREVIEWS = YES;
				INFOPLIST_FILE = TelemedicineConceptApp/Info.plist;
				LD_RUNPATH_SEARCH_PATHS = (
					"$(inherited)",
					"@executable_path/Frameworks",
				);
				PRODUCT_BUNDLE_IDENTIFIER = io.github.rphlfc.TelemedicineConceptApp;
				PRODUCT_NAME = "$(TARGET_NAME)";
				SWIFT_VERSION = 5.0;
				TARGETED_DEVICE_FAMILY = "1,2";
			};
			name = Release;
		};
/* End XCBuildConfiguration section */

/* Begin XCConfigurationList section */
		64FF3B3F24FC73D200261CE7 /* Build configuration list for PBXProject "TelemedicineConceptApp" */ = {
			isa = XCConfigurationList;
			buildConfigurations = (
				64FF3B5624FC73D500261CE7 /* Debug */,
				64FF3B5724FC73D500261CE7 /* Release */,
			);
			defaultConfigurationIsVisible = 0;
			defaultConfigurationName = Release;
		};
		64FF3B5824FC73D500261CE7 /* Build configuration list for PBXNativeTarget "TelemedicineConceptApp" */ = {
			isa = XCConfigurationList;
			buildConfigurations = (
				64FF3B5924FC73D500261CE7 /* Debug */,
				64FF3B5A24FC73D500261CE7 /* Release */,
			);
			defaultConfigurationIsVisible = 0;
			defaultConfigurationName = Release;
		};
/* End XCConfigurationList section */
	};
	rootObject = 64FF3B3C24FC73D200261CE7 /* Project object */;
}
